cloud.google.com/go v0.27.0 h1:Xa8ZWro6QYKOwDKtxfKsiE0ea2jD39nx32RxtF5RjYE=
cloud.google.com/go v0.27.0/go.mod h1:aQUYkXzVsufM+DwF1aE+0xfcU+56JwCaLick0ClmMTw=
github.com/BurntSushi/toml v0.3.0 h1:e1/Ivsx3Z0FVTV0NSOv/aVgbUWyQuzj7DDnFblkRvsY=
github.com/BurntSushi/toml v0.3.0/go.mod h1:xHWCNGjB5oqiDr8zfno3MHue2Ht5sIBksp03qcyfWMU=
github.com/cznic/b v0.0.0-20180115125044-35e9bbe41f07 h1:UHFGPvSxX4C4YBApSPvmUfL8tTvWLj2ryqvT9K4Jcuk=
github.com/cznic/b v0.0.0-20180115125044-35e9bbe41f07/go.mod h1:URriBxXwVq5ijiJ12C7iIZqlA69nTlI+LgI6/pwftG8=
github.com/cznic/fileutil v0.0.0-20180108211300-6a051e75936f h1:7uSNgsgcarNk4oiN/nNkO0J7KAjlsF5Yv5Gf/tFdHas=
github.com/cznic/fileutil v0.0.0-20180108211300-6a051e75936f/go.mod h1:8S58EK26zhXSxzv7NQFpnliaOQsmDUxvoQO3rt154Vg=
github.com/cznic/golex v0.0.0-20170803123110-4ab7c5e190e4 h1:CVAqftqbj+exlab+8KJQrE+kNIVlQfJt58j4GxCMF1s=
github.com/cznic/golex v0.0.0-20170803123110-4ab7c5e190e4/go.mod h1:+bmmJDNmKlhWNG+gwWCkaBoTy39Fs+bzRxVBzoTQbIc=
github.com/cznic/internal v0.0.0-20180608152220-f44710a21d00 h1:FHpbUtp2K8X53/b4aFNj4my5n+i3x+CQCZWNuHWH/+E=
github.com/cznic/internal v0.0.0-20180608152220-f44710a21d00/go.mod h1:olo7eAdKwJdXxb55TKGLiJ6xt1H0/tiiRCWKVLmtjY4=
github.com/cznic/lldb v1.1.0 h1:AIA+ham6TSJ+XkMe8imQ/g8KPzMUVWAwqUQQdtuMsHs=
github.com/cznic/lldb v1.1.0/go.mod h1:FIZVUmYUVhPwRiPzL8nD/mpFcJ/G7SSXjjXYG4uRI3A=
github.com/cznic/mathutil v0.0.0-20180504122225-ca4c9f2c1369 h1:XNT/Zf5l++1Pyg08/HV04ppB0gKxAqtZQBRYiYrUuYk=
github.com/cznic/mathutil v0.0.0-20180504122225-ca4c9f2c1369/go.mod h1:e6NPNENfs9mPDVNRekM7lKScauxd5kXTr1Mfyig6TDM=
github.com/cznic/ql v1.2.0 h1:lcKp95ZtdF0XkWhGnVIXGF8dVD2X+ClS08tglKtf+ak=
github.com/cznic/ql v1.2.0/go.mod h1:FbpzhyZrqr0PVlK6ury+PoW3T0ODUV22OeWIxcaOrSE=
github.com/cznic/sortutil v0.0.0-20150617083342-4c7342852e65 h1:hxuZop6tSoOi0sxFzoGGYdRqNrPubyaIf9KoBG9tPiE=
github.com/cznic/sortutil v0.0.0-20150617083342-4c7342852e65/go.mod h1:q2w6Bg5jeox1B+QkJ6Wp/+Vn0G/bo3f1uY7Fn3vivIQ=
github.com/cznic/strutil v0.0.0-20171016134553-529a34b1c186 h1:0rkFMAbn5KBKNpJyHQ6Prb95vIKanmAe62KxsrN+sqA=
github.com/cznic/strutil v0.0.0-20171016134553-529a34b1c186/go.mod h1:AHHPPPXTw0h6pVabbcbyGRK1DckRn7r/STdZEeIDzZc=
github.com/cznic/zappy v0.0.0-20160723133515-2533cb5b45cc h1:YKKpTb2BrXN2GYyGaygIdis1vXbE7SSAG9axGWIMClg=
github.com/cznic/zappy v0.0.0-20160723133515-2533cb5b45cc/go.mod h1:Y1SNZ4dRUOKXshKUbwUapqNncRrho4mkjQebgEHZLj8=
github.com/davecgh/go-spew v1.1.1 h1:vj9j/u1bqnvCEfJOwUhtlOARqs3+rkHYY13jYWTU97c=
github.com/davecgh/go-spew v1.1.1/go.mod h1:J7Y8YcW2NihsgmVo/mv3lAwl/skON4iLHjSsI+c5H38=
github.com/denisenkom/go-mssqldb v0.0.0-20180901172138-1eb28afdf9b6 h1:BZGp1dbKFjqlGmxEpwkDpCWNxVwEYnUPoncIzLiHlPo=
github.com/denisenkom/go-mssqldb v0.0.0-20180901172138-1eb28afdf9b6/go.mod h1:xN/JuLBIz4bjkxNmByTiV1IbhfnYb6oo99phBn4Eqhc=
github.com/edsrzf/mmap-go v0.0.0-20170320065105-0bce6a688712 h1:aaQcKT9WumO6JEJcRyTqFVq4XUZiUcKR2/GI31TOcz8=
github.com/edsrzf/mmap-go v0.0.0-20170320065105-0bce6a688712/go.mod h1:YO35OhQPt3KJa3ryjFM5Bs14WD66h8eGKpfaBNrHW5M=
github.com/erikstmartin/go-testdb v0.0.0-20160219214506-8d10e4a1bae5 h1:Yzb9+7DPaBjB8zlTR87/ElzFsnQfuHnVUVqpZZIcV5Y=
github.com/erikstmartin/go-testdb v0.0.0-20160219214506-8d10e4a1bae5/go.mod h1:a2zkGnVExMxdzMo3M0Hi/3sEU+cWnZpSni0O6/Yb/P0=
github.com/fatih/camelcase v1.0.0 h1:hxNvNX/xYBp0ovncs8WyWZrOrpBNub/JfaMvbURyft8=
github.com/fatih/camelcase v1.0.0/go.mod h1:yN2Sb0lFhZJUdVvtELVWefmrXpuZESvPmqwoZc+/fpc=
github.com/gernest/ita v0.0.0-20161218171910-00d04c1bb701 h1:mTEmLCxrBnku6cZcJmjPxkh+NcM3VgVB9NGTiU5IgPQ=
github.com/gernest/ita v0.0.0-20161218171910-00d04c1bb701/go.mod h1:xd2z3+moreNPluO6sb8zZB+OhuIQ35LT4+X+qJDXpa4=
github.com/gernest/qlstore v0.0.0-20161224085350-646d93e25ad3 h1:Wq10nRQdXJVcFT2XJESXTvgM8CSEkG2lkl2Cb0Wk7OM=
github.com/gernest/qlstore v0.0.0-20161224085350-646d93e25ad3/go.mod h1:sE2aPMPaBgyQR3fHW/wY27ypmf2WKYSzD8ekVcFR3RQ=
github.com/go-sql-driver/mysql v1.4.0 h1:7LxgVwFb2hIQtMm87NdgAVfXjnt4OePseqT1tKx+opk=
github.com/go-sql-driver/mysql v1.4.0/go.mod h1:zAC/RDZ24gD3HViQzih4MyKcchzm+sOG5ZlKdlhCg5w=
github.com/golang/snappy v0.0.0-20180518054509-2e65f85255db h1:woRePGFeVFfLKN/pOkfl+p/TAqKOfFu+7KPlMVpok/w=
github.com/golang/snappy v0.0.0-20180518054509-2e65f85255db/go.mod h1:/XxbfmMg8lxefKM7IXC3fBNl/7bRcc72aCRzEWrmP2Q=
github.com/google/go-cmp v0.2.0 h1:+dTQ8DZQJz0Mb/HjFlkptS1FeQ4cWSnN941F8aEG4SQ=
github.com/google/go-cmp v0.2.0/go.mod h1:oXzfMopK8JAjlY9xF4vHSVASa0yLyX7SntLO5aqRK0M=
github.com/gorilla/context v1.1.1 h1:AWwleXJkX/nhcU9bZSnZoi3h/qGYqQAGhq6zZe/aQW8=
github.com/gorilla/context v1.1.1/go.mod h1:kBGZzfjB9CEq2AlWe17Uuf7NDRt0dE0s8S51q0aT7Yg=
github.com/gorilla/mux v1.6.2 h1:Pgr17XVTNXAk3q/r4CpKzC5xBM/qW1uVLV+IhRZpIIk=
github.com/gorilla/mux v1.6.2/go.mod h1:1lud6UwP+6orDFRuTfBEV8e9/aOM/c4fVVCaMa2zaAs=
github.com/gorilla/securecookie v1.1.1 h1:miw7JPhV+b/lAHSXz4qd/nN9jRiAFV5FwjeKyCS8BvQ=
github.com/gorilla/securecookie v1.1.1/go.mod h1:ra0sb63/xPlUeL+yeDciTfxMRAA+MP+HVt/4epWDjd4=
github.com/gorilla/sessions v1.1.2 h1:4esMHhwKLQ9Odtku/p+onvH+eRJFWjV4y3iTDVWrZNU=
github.com/gorilla/sessions v1.1.2/go.mod h1:8KCfur6+4Mqcc6S0FEfKuN15Vl5MgXW92AE8ovaJD0w=
github.com/hashicorp/hcl v1.0.0 h1:0Anlzjpi4vEasTeNFn2mLJgTSwt0+6sfsiTG8qcWGx4=
github.com/hashicorp/hcl v1.0.0/go.mod h1:E5yfLk+7swimpb2L/Alb/PJmXilQ/rhwaUYs4T20WEQ=
github.com/jinzhu/gorm v1.9.1 h1:lDSDtsCt5AGGSKTs8AHlSDbbgif4G4+CKJ8ETBDVHTA=
github.com/jinzhu/gorm v1.9.1/go.mod h1:Vla75njaFJ8clLU1W44h34PjIkijhjHIYnZxMqCdxqo=
github.com/jinzhu/inflection v0.0.0-20180308033659-04140366298a h1:eeaG9XMUvRBYXJi4pg1ZKM7nxc5AfXfojeLLW7O5J3k=
github.com/jinzhu/inflection v0.0.0-20180308033659-04140366298a/go.mod h1:h+uFLlag+Qp1Va5pdKtLDYj+kHp5pxUVkryuEj+Srlc=
github.com/jinzhu/now v0.0.0-20180511015916-ed742868f2ae h1:8bBMcboXYVuo0WYH+rPe5mB8obO89a993hdTZ3phTjc=
github.com/jinzhu/now v0.0.0-20180511015916-ed742868f2ae/go.mod h1:oHTiXerJ20+SfYcrdlBO7rzZRJWGwSTQ0iUY2jI6Gfc=
github.com/justinas/alice v0.0.0-20171023064455-03f45bd4b7da h1:5y58+OCjoHCYB8182mpf/dEsq0vwTKPOo4zGfH0xW9A=
github.com/justinas/alice v0.0.0-20171023064455-03f45bd4b7da/go.mod h1:oLH0CmIaxCGXD67VKGR5AacGXZSMznlmeqM8RzPrcY8=
github.com/lib/pq v1.0.0 h1:X5PMW56eZitiTeO7tKzZxFCSpbFZJtkMMooicw2us9A=
github.com/lib/pq v1.0.0/go.mod h1:5WUZQaWbwv1U+lTReE5YruASi9Al49XbQIvNi/34Woo=
github.com/mattn/go-sqlite3 v1.9.0 h1:pDRiWfl+++eC2FEFRy6jXmQlvp4Yh3z1MJKg4UeYM/4=
github.com/mattn/go-sqlite3 v1.9.0/go.mod h1:FPy6KqzDD04eiIsT53CuJW3U88zkxoIYsOqkbpncsNc=
golang.org/x/crypto v0.0.0-20180910181607-0e37d006457b h1:2b9XGzhjiYsYPnKXoEfL7klWZQIt8IfyRCz62gCqqlQ=
golang.org/x/crypto v0.0.0-20180910181607-0e37d006457b/go.mod h1:6SG95UA2DQfeDnfUPMdvaQW0Q7yPrPDi9nlGo2tz2b4=
google.golang.org/appengine v1.1.0 h1:igQkv0AAhEIvTEpD5LIpAfav2eeVO9HBTjvKHVJPRSs=
google.golang.org/appengine v1.1.0/go.mod h1:EbEs0AVv82hx2wNQdGPgUI5lhzA/G0D9YwlJXL52JkM=
gopkg.in/check.v1 v0.0.0-20161208181325-20d25e280405 h1:yhCVgyC4o1eVCa2tZl7eS0r+SDo693bJlVdllGtEeKM=
gopkg.in/check.v1 v0.0.0-20161208181325-20d25e280405/go.mod h1:Co6ibVJAznAaIkqp8huTwlJQCZ016jof/cbN4VW5Yz0=
gopkg.in/yaml.v2 v2.2.1 h1:mUhvW9EsL+naU5Q3cakzfE91YhliOondGd6ZrsDBHQE=
gopkg.in/yaml.v2 v2.2.1/go.mod h1:hI93XBmqTisBFMUTm0b8Fm+jr3Dg1NNxqwp+5A1VGuI=
